
Microsoft Visual Studio Solution File, Format Version 12.00
# Visual Studio Version 17
VisualStudioVersion = 17.12.35527.113
MinimumVisualStudioVersion = 10.0.40219.1
Project("{FAE04EC0-301F-11D3-BF4B-00C04F79EFBC}") = "UserApi", "ChatAppAPI\UserApi.csproj", "{25D34F1F-4957-4E04-B6C6-DE61281B78B4}"
EndProject
Project("{2150E333-8FDC-42A3-9474-1A3956D46DE8}") = "Solution Items", "Solution Items", "{73696354-B9C8-4CFC-A2B9-74F5BC4D703F}"
	ProjectSection(SolutionItems) = preProject
		.gitignore = .gitignore
		appsetting.Doker.json = appsetting.Doker.json
		docker-compose.yml = docker-compose.yml
	EndProjectSection
EndProject
Project("{FAE04EC0-301F-11D3-BF4B-00C04F79EFBC}") = "UserService", "ChatAppService\UserService.csproj", "{968B52B4-BF22-412B-802D-6272ADCECEEF}"
EndProject
Project("{FAE04EC0-301F-11D3-BF4B-00C04F79EFBC}") = "ChatService", "ConversationService\ChatService.csproj", "{6AB6772F-F01B-4082-B5D1-46CF5A04212D}"
EndProject
Project("{FAE04EC0-301F-11D3-BF4B-00C04F79EFBC}") = "NotificationService", "NotificationService\NotificationService.csproj", "{D7249816-8004-464A-AB62-48790BB4A298}"
EndProject
Project("{2150E333-8FDC-42A3-9474-1A3956D46DE8}") = "UserAPI", "UserAPI", "{7516486D-8601-469D-808A-18BFC00CB624}"
EndProject
Project("{2150E333-8FDC-42A3-9474-1A3956D46DE8}") = "ChatAPI", "ChatAPI", "{EDEDD041-66E9-43C8-A9F0-47C0A6EFEC6D}"
EndProject
Project("{FAE04EC0-301F-11D3-BF4B-00C04F79EFBC}") = "ChatApi", "UserChatAPI\ChatApi.csproj", "{682E2955-96AF-41DA-8E5E-1220C402E10B}"
EndProject
Project("{2150E333-8FDC-42A3-9474-1A3956D46DE8}") = "NotificationAPI", "NotificationAPI", "{88CEB626-A5F7-4A77-9499-5EB45608054D}"
EndProject
Project("{FAE04EC0-301F-11D3-BF4B-00C04F79EFBC}") = "UserRepository", "UserRepository\UserRepository.csproj", "{24AA0B7A-F328-4634-BA99-BBBB9EF336D2}"
EndProject
Project("{FAE04EC0-301F-11D3-BF4B-00C04F79EFBC}") = "ChatRepository", "ChatRepository\ChatRepository.csproj", "{2179F179-7CD0-4514-8046-1C993BA66018}"
EndProject
Project("{FAE04EC0-301F-11D3-BF4B-00C04F79EFBC}") = "NotificationApi", "NotificationApi\NotificationApi.csproj", "{48885EE7-4CD9-4900-BEE0-511106496E1F}"
EndProject
Project("{FAE04EC0-301F-11D3-BF4B-00C04F79EFBC}") = "NotificationRepository", "NotificationRepository\NotificationRepository.csproj", "{D9E7A8FD-8DBC-4F8A-831F-10C29FB6B5AA}"
EndProject
Project("{2150E333-8FDC-42A3-9474-1A3956D46DE8}") = "Helper", "Helper", "{52680705-6990-4A03-B54E-CE3A393D9153}"
EndProject
Project("{FAE04EC0-301F-11D3-BF4B-00C04F79EFBC}") = "Share", "Helper\Share.csproj", "{5A41BD6E-8DB9-4A74-8CB5-CF3CCBE2F56C}"
EndProject
Project("{2150E333-8FDC-42A3-9474-1A3956D46DE8}") = "API", "API", "{9FA1F716-7A23-4517-8F07-F58DB156982C}"
EndProject
Project("{FAE04EC0-301F-11D3-BF4B-00C04F79EFBC}") = "APIGateway", "APIGateway\APIGateway.csproj", "{F7551449-B4BB-461C-B293-9245E647AD7C}"
EndProject
Global
	GlobalSection(SolutionConfigurationPlatforms) = preSolution
		Debug|Any CPU = Debug|Any CPU
		Release|Any CPU = Release|Any CPU
	EndGlobalSection
	GlobalSection(ProjectConfigurationPlatforms) = postSolution
		{25D34F1F-4957-4E04-B6C6-DE61281B78B4}.Debug|Any CPU.ActiveCfg = Debug|Any CPU
		{25D34F1F-4957-4E04-B6C6-DE61281B78B4}.Debug|Any CPU.Build.0 = Debug|Any CPU
		{25D34F1F-4957-4E04-B6C6-DE61281B78B4}.Release|Any CPU.ActiveCfg = Release|Any CPU
		{25D34F1F-4957-4E04-B6C6-DE61281B78B4}.Release|Any CPU.Build.0 = Release|Any CPU
		{968B52B4-BF22-412B-802D-6272ADCECEEF}.Debug|Any CPU.ActiveCfg = Debug|Any CPU
		{968B52B4-BF22-412B-802D-6272ADCECEEF}.Debug|Any CPU.Build.0 = Debug|Any CPU
		{968B52B4-BF22-412B-802D-6272ADCECEEF}.Release|Any CPU.ActiveCfg = Release|Any CPU
		{968B52B4-BF22-412B-802D-6272ADCECEEF}.Release|Any CPU.Build.0 = Release|Any CPU
		{6AB6772F-F01B-4082-B5D1-46CF5A04212D}.Debug|Any CPU.ActiveCfg = Debug|Any CPU
		{6AB6772F-F01B-4082-B5D1-46CF5A04212D}.Debug|Any CPU.Build.0 = Debug|Any CPU
		{6AB6772F-F01B-4082-B5D1-46CF5A04212D}.Release|Any CPU.ActiveCfg = Release|Any CPU
		{6AB6772F-F01B-4082-B5D1-46CF5A04212D}.Release|Any CPU.Build.0 = Release|Any CPU
		{D7249816-8004-464A-AB62-48790BB4A298}.Debug|Any CPU.ActiveCfg = Debug|Any CPU
		{D7249816-8004-464A-AB62-48790BB4A298}.Debug|Any CPU.Build.0 = Debug|Any CPU
		{D7249816-8004-464A-AB62-48790BB4A298}.Release|Any CPU.ActiveCfg = Release|Any CPU
		{D7249816-8004-464A-AB62-48790BB4A298}.Release|Any CPU.Build.0 = Release|Any CPU
		{682E2955-96AF-41DA-8E5E-1220C402E10B}.Debug|Any CPU.ActiveCfg = Debug|Any CPU
		{682E2955-96AF-41DA-8E5E-1220C402E10B}.Debug|Any CPU.Build.0 = Debug|Any CPU
		{682E2955-96AF-41DA-8E5E-1220C402E10B}.Release|Any CPU.ActiveCfg = Release|Any CPU
		{682E2955-96AF-41DA-8E5E-1220C402E10B}.Release|Any CPU.Build.0 = Release|Any CPU
		{24AA0B7A-F328-4634-BA99-BBBB9EF336D2}.Debug|Any CPU.ActiveCfg = Debug|Any CPU
		{24AA0B7A-F328-4634-BA99-BBBB9EF336D2}.Debug|Any CPU.Build.0 = Debug|Any CPU
		{24AA0B7A-F328-4634-BA99-BBBB9EF336D2}.Release|Any CPU.ActiveCfg = Release|Any CPU
		{24AA0B7A-F328-4634-BA99-BBBB9EF336D2}.Release|Any CPU.Build.0 = Release|Any CPU
		{2179F179-7CD0-4514-8046-1C993BA66018}.Debug|Any CPU.ActiveCfg = Debug|Any CPU
		{2179F179-7CD0-4514-8046-1C993BA66018}.Debug|Any CPU.Build.0 = Debug|Any CPU
		{2179F179-7CD0-4514-8046-1C993BA66018}.Release|Any CPU.ActiveCfg = Release|Any CPU
		{2179F179-7CD0-4514-8046-1C993BA66018}.Release|Any CPU.Build.0 = Release|Any CPU
		{48885EE7-4CD9-4900-BEE0-511106496E1F}.Debug|Any CPU.ActiveCfg = Debug|Any CPU
		{48885EE7-4CD9-4900-BEE0-511106496E1F}.Debug|Any CPU.Build.0 = Debug|Any CPU
		{48885EE7-4CD9-4900-BEE0-511106496E1F}.Release|Any CPU.ActiveCfg = Release|Any CPU
		{48885EE7-4CD9-4900-BEE0-511106496E1F}.Release|Any CPU.Build.0 = Release|Any CPU
		{D9E7A8FD-8DBC-4F8A-831F-10C29FB6B5AA}.Debug|Any CPU.ActiveCfg = Debug|Any CPU
		{D9E7A8FD-8DBC-4F8A-831F-10C29FB6B5AA}.Debug|Any CPU.Build.0 = Debug|Any CPU
		{D9E7A8FD-8DBC-4F8A-831F-10C29FB6B5AA}.Release|Any CPU.ActiveCfg = Release|Any CPU
		{D9E7A8FD-8DBC-4F8A-831F-10C29FB6B5AA}.Release|Any CPU.Build.0 = Release|Any CPU
		{5A41BD6E-8DB9-4A74-8CB5-CF3CCBE2F56C}.Debug|Any CPU.ActiveCfg = Debug|Any CPU
		{5A41BD6E-8DB9-4A74-8CB5-CF3CCBE2F56C}.Debug|Any CPU.Build.0 = Debug|Any CPU
		{5A41BD6E-8DB9-4A74-8CB5-CF3CCBE2F56C}.Release|Any CPU.ActiveCfg = Release|Any CPU
		{5A41BD6E-8DB9-4A74-8CB5-CF3CCBE2F56C}.Release|Any CPU.Build.0 = Release|Any CPU
		{F7551449-B4BB-461C-B293-9245E647AD7C}.Debug|Any CPU.ActiveCfg = Debug|Any CPU
		{F7551449-B4BB-461C-B293-9245E647AD7C}.Debug|Any CPU.Build.0 = Debug|Any CPU
		{F7551449-B4BB-461C-B293-9245E647AD7C}.Release|Any CPU.ActiveCfg = Release|Any CPU
		{F7551449-B4BB-461C-B293-9245E647AD7C}.Release|Any CPU.Build.0 = Release|Any CPU
	EndGlobalSection
	GlobalSection(SolutionProperties) = preSolution
		HideSolutionNode = FALSE
	EndGlobalSection
	GlobalSection(NestedProjects) = preSolution
		{25D34F1F-4957-4E04-B6C6-DE61281B78B4} = {7516486D-8601-469D-808A-18BFC00CB624}
		{968B52B4-BF22-412B-802D-6272ADCECEEF} = {7516486D-8601-469D-808A-18BFC00CB624}
		{6AB6772F-F01B-4082-B5D1-46CF5A04212D} = {EDEDD041-66E9-43C8-A9F0-47C0A6EFEC6D}
		{D7249816-8004-464A-AB62-48790BB4A298} = {88CEB626-A5F7-4A77-9499-5EB45608054D}
		{682E2955-96AF-41DA-8E5E-1220C402E10B} = {EDEDD041-66E9-43C8-A9F0-47C0A6EFEC6D}
		{24AA0B7A-F328-4634-BA99-BBBB9EF336D2} = {7516486D-8601-469D-808A-18BFC00CB624}
		{2179F179-7CD0-4514-8046-1C993BA66018} = {EDEDD041-66E9-43C8-A9F0-47C0A6EFEC6D}
		{48885EE7-4CD9-4900-BEE0-511106496E1F} = {88CEB626-A5F7-4A77-9499-5EB45608054D}
		{D9E7A8FD-8DBC-4F8A-831F-10C29FB6B5AA} = {88CEB626-A5F7-4A77-9499-5EB45608054D}
		{5A41BD6E-8DB9-4A74-8CB5-CF3CCBE2F56C} = {52680705-6990-4A03-B54E-CE3A393D9153}
		{F7551449-B4BB-461C-B293-9245E647AD7C} = {9FA1F716-7A23-4517-8F07-F58DB156982C}
	EndGlobalSection
EndGlobal
